// !$*UTF8*$!
{
	archiveVersion = 1;
	classes = {
	};
	objectVersion = 50;
	objects = {

/* Begin PBXBuildFile section */
		258D51412345196200A7FB04 /* ResultadoViewController.swift in Sources */ = {isa = PBXBuildFile; fileRef = 258D51402345196200A7FB04 /* ResultadoViewController.swift */; };
		25EFA79E23429BB9009BCF4C /* AppDelegate.swift in Sources */ = {isa = PBXBuildFile; fileRef = 25EFA79D23429BB9009BCF4C /* AppDelegate.swift */; };
		25EFA7A023429BB9009BCF4C /* SceneDelegate.swift in Sources */ = {isa = PBXBuildFile; fileRef = 25EFA79F23429BB9009BCF4C /* SceneDelegate.swift */; };
		25EFA7A223429BB9009BCF4C /* ViewController.swift in Sources */ = {isa = PBXBuildFile; fileRef = 25EFA7A123429BB9009BCF4C /* ViewController.swift */; };
		25EFA7A523429BB9009BCF4C /* Main.storyboard in Resources */ = {isa = PBXBuildFile; fileRef = 25EFA7A323429BB9009BCF4C /* Main.storyboard */; };
		25EFA7A723429BBA009BCF4C /* Assets.xcassets in Resources */ = {isa = PBXBuildFile; fileRef = 25EFA7A623429BBA009BCF4C /* Assets.xcassets */; };
		25EFA7AA23429BBA009BCF4C /* LaunchScreen.storyboard in Resources */ = {isa = PBXBuildFile; fileRef = 25EFA7A823429BBA009BCF4C /* LaunchScreen.storyboard */; };
		25EFA7B22342A2DA009BCF4C /* Classes.swift in Sources */ = {isa = PBXBuildFile; fileRef = 25EFA7B12342A2DA009BCF4C /* Classes.swift */; };
/* End PBXBuildFile section */

/* Begin PBXFileReference section */
		258D51402345196200A7FB04 /* ResultadoViewController.swift */ = {isa = PBXFileReference; lastKnownFileType = sourcecode.swift; path = ResultadoViewController.swift; sourceTree = "<group>"; };
		25EFA79A23429BB9009BCF4C /* RPGNano.app */ = {isa = PBXFileReference; explicitFileType = wrapper.application; includeInIndex = 0; path = RPGNano.app; sourceTree = BUILT_PRODUCTS_DIR; };
		25EFA79D23429BB9009BCF4C /* AppDelegate.swift */ = {isa = PBXFileReference; lastKnownFileType = sourcecode.swift; path = AppDelegate.swift; sourceTree = "<group>"; };
		25EFA79F23429BB9009BCF4C /* SceneDelegate.swift */ = {isa = PBXFileReference; lastKnownFileType = sourcecode.swift; path = SceneDelegate.swift; sourceTree = "<group>"; };
		25EFA7A123429BB9009BCF4C /* ViewController.swift */ = {isa = PBXFileReference; lastKnownFileType = sourcecode.swift; path = ViewController.swift; sourceTree = "<group>"; };
		25EFA7A423429BB9009BCF4C /* Base */ = {isa = PBXFileReference; lastKnownFileType = file.storyboard; name = Base; path = Base.lproj/Main.storyboard; sourceTree = "<group>"; };
		25EFA7A623429BBA009BCF4C /* Assets.xcassets */ = {isa = PBXFileReference; lastKnownFileType = folder.assetcatalog; path = Assets.xcassets; sourceTree = "<group>"; };
		25EFA7A923429BBA009BCF4C /* Base */ = {isa = PBXFileReference; lastKnownFileType = file.storyboard; name = Base; path = Base.lproj/LaunchScreen.storyboard; sourceTree = "<group>"; };
		25EFA7AB23429BBA009BCF4C /* Info.plist */ = {isa = PBXFileReference; lastKnownFileType = text.plist.xml; path = Info.plist; sourceTree = "<group>"; };
		25EFA7B12342A2DA009BCF4C /* Classes.swift */ = {isa = PBXFileReference; lastKnownFileType = sourcecode.swift; path = Classes.swift; sourceTree = "<group>"; };
/* End PBXFileReference section */

/* Begin PBXFrameworksBuildPhase section */
		25EFA79723429BB9009BCF4C /* Frameworks */ = {
			isa = PBXFrameworksBuildPhase;
			buildActionMask = 2147483647;
			files = (
			);
			runOnlyForDeploymentPostprocessing = 0;
		};
/* End PBXFrameworksBuildPhase section */

/* Begin PBXGroup section */
		25EFA79123429BB9009BCF4C = {
			isa = PBXGroup;
			children = (
				25EFA79C23429BB9009BCF4C /* RPGNano */,
				25EFA79B23429BB9009BCF4C /* Products */,
			);
			sourceTree = "<group>";
		};
		25EFA79B23429BB9009BCF4C /* Products */ = {
			isa = PBXGroup;
			children = (
				25EFA79A23429BB9009BCF4C /* RPGNano.app */,
			);
			name = Products;
			sourceTree = "<group>";
		};
		25EFA79C23429BB9009BCF4C /* RPGNano */ = {
			isa = PBXGroup;
			children = (
				25EFA79D23429BB9009BCF4C /* AppDelegate.swift */,
				25EFA79F23429BB9009BCF4C /* SceneDelegate.swift */,
				25EFA7A123429BB9009BCF4C /* ViewController.swift */,
				258D51402345196200A7FB04 /* ResultadoViewController.swift */,
				25EFA7B12342A2DA009BCF4C /* Classes.swift */,
				25EFA7A323429BB9009BCF4C /* Main.storyboard */,
				25EFA7A623429BBA009BCF4C /* Assets.xcassets */,
				25EFA7A823429BBA009BCF4C /* LaunchScreen.storyboard */,
				25EFA7AB23429BBA009BCF4C /* Info.plist */,
			);
			path = RPGNano;
			sourceTree = "<group>";
		};
/* End PBXGroup section */

/* Begin PBXNativeTarget section */
		25EFA79923429BB9009BCF4C /* RPGNano */ = {
			isa = PBXNativeTarget;
			buildConfigurationList = 25EFA7AE23429BBA009BCF4C /* Build configuration list for PBXNativeTarget "RPGNano" */;
			buildPhases = (
				25EFA79623429BB9009BCF4C /* Sources */,
				25EFA79723429BB9009BCF4C /* Frameworks */,
				25EFA79823429BB9009BCF4C /* Resources */,
			);
			buildRules = (
			);
			dependencies = (
			);
			name = RPGNano;
			productName = RPGNano;
			productReference = 25EFA79A23429BB9009BCF4C /* RPGNano.app */;
			productType = "com.apple.product-type.application";
		};
/* End PBXNativeTarget section */

/* Begin PBXProject section */
		25EFA79223429BB9009BCF4C /* Project object */ = {
			isa = PBXProject;
			attributes = {
				LastSwiftUpdateCheck = 1100;
				LastUpgradeCheck = 1100;
				ORGANIZATIONNAME = caivis;
				TargetAttributes = {
					25EFA79923429BB9009BCF4C = {
						CreatedOnToolsVersion = 11.0;
					};
				};
			};
			buildConfigurationList = 25EFA79523429BB9009BCF4C /* Build configuration list for PBXProject "RPGNano" */;
			compatibilityVersion = "Xcode 9.3";
			developmentRegion = en;
			hasScannedForEncodings = 0;
			knownRegions = (
				en,
				Base,
			);
			mainGroup = 25EFA79123429BB9009BCF4C;
			productRefGroup = 25EFA79B23429BB9009BCF4C /* Products */;
			projectDirPath = "";
			projectRoot = "";
			targets = (
				25EFA79923429BB9009BCF4C /* RPGNano */,
			);
		};
/* End PBXProject section */

/* Begin PBXResourcesBuildPhase section */
		25EFA79823429BB9009BCF4C /* Resources */ = {
			isa = PBXResourcesBuildPhase;
			buildActionMask = 2147483647;
			files = (
				25EFA7AA23429BBA009BCF4C /* LaunchScreen.storyboard in Resources */,
				25EFA7A723429BBA009BCF4C /* Assets.xcassets in Resources */,
				25EFA7A523429BB9009BCF4C /* Main.storyboard in Resources */,
			);
			runOnlyForDeploymentPostprocessing = 0;
		};
/* End PBXResourcesBuildPhase section */

/* Begin PBXSourcesBuildPhase section */
		25EFA79623429BB9009BCF4C /* Sources */ = {
			isa = PBXSourcesBuildPhase;
			buildActionMask = 2147483647;
			files = (
				25EFA7A223429BB9009BCF4C /* ViewController.swift in Sources */,
				25EFA7B22342A2DA009BCF4C /* Classes.swift in Sources */,
				258D51412345196200A7FB04 /* ResultadoViewController.swift in Sources */,
				25EFA79E23429BB9009BCF4C /* AppDelegate.swift in Sources */,
				25EFA7A023429BB9009BCF4C /* SceneDelegate.swift in Sources */,
			);
			runOnlyForDeploymentPostprocessing = 0;
		};
/* End PBXSourcesBuildPhase section */

/* Begin PBXVariantGroup section */
		25EFA7A323429BB9009BCF4C /* Main.storyboard */ = {
			isa = PBXVariantGroup;
			children = (
				25EFA7A423429BB9009BCF4C /* Base */,
			);
			name = Main.storyboard;
			sourceTree = "<group>";
		};
		25EFA7A823429BBA009BCF4C /* LaunchScreen.storyboard */ = {
			isa = PBXVariantGroup;
			children = (
				25EFA7A923429BBA009BCF4C /* Base */,
			);
			name = LaunchScreen.storyboard;
			sourceTree = "<group>";
		};
/* End PBXVariantGroup section */

/* Begin XCBuildConfiguration section */
		25EFA7AC23429BBA009BCF4C /* Debug */ = {
			isa = XCBuildConfiguration;
			buildSettings = {
				ALWAYS_SEARCH_USER_PATHS = NO;
				CLANG_ANALYZER_NONNULL = YES;
				CLANG_ANALYZER_NUMBER_OBJECT_CONVERSION = YES_AGGRESSIVE;
				CLANG_CXX_LANGUAGE_STANDARD = "gnu++14";
				CLANG_CXX_LIBRARY = "libc++";
				CLANG_ENABLE_MODULES = YES;
				CLANG_ENABLE_OBJC_ARC = YES;
				CLANG_ENABLE_OBJC_WEAK = YES;
				CLANG_WARN_BLOCK_CAPTURE_AUTORELEASING = YES;
				CLANG_WARN_BOOL_CONVERSION = YES;
				CLANG_WARN_COMMA = YES;
				CLANG_WARN_CONSTANT_CONVERSION = YES;
				CLANG_WARN_DEPRECATED_OBJC_IMPLEMENTATIONS = YES;
				CLANG_WARN_DIRECT_OBJC_ISA_USAGE = YES_ERROR;
				CLANG_WARN_DOCUMENTATION_COMMENTS = YES;
				CLANG_WARN_EMPTY_BODY = YES;
				CLANG_WARN_ENUM_CONVERSION = YES;
				CLANG_WARN_INFINITE_RECURSION = YES;
				CLANG_WARN_INT_CONVERSION = YES;
				CLANG_WARN_NON_LITERAL_NULL_CONVERSION = YES;
				CLANG_WARN_OBJC_IMPLICIT_RETAIN_SELF = YES;
				CLANG_WARN_OBJC_LITERAL_CONVERSION = YES;
				CLANG_WARN_OBJC_ROOT_CLASS = YES_ERROR;
				CLANG_WARN_RANGE_LOOP_ANALYSIS = YES;
				CLANG_WARN_STRICT_PROTOTYPES = YES;
				CLANG_WARN_SUSPICIOUS_MOVE = YES;
				CLANG_WARN_UNGUARDED_AVAILABILITY = YES_AGGRESSIVE;
				CLANG_WARN_UNREACHABLE_CODE = YES;
				CLANG_WARN__DUPLICATE_METHOD_MATCH = YES;
				COPY_PHASE_STRIP = NO;
				DEBUG_INFORMATION_FORMAT = dwarf;
				ENABLE_STRICT_OBJC_MSGSEND = YES;
				ENABLE_TESTABILITY = YES;
				GCC_C_LANGUAGE_STANDARD = gnu11;
				GCC_DYNAMIC_NO_PIC = NO;
				GCC_NO_COMMON_BLOCKS = YES;
				GCC_OPTIMIZATION_LEVEL = 0;
				GCC_PREPROCESSOR_DEFINITIONS = (
					"DEBUG=1",
					"$(inherited)",
				);
				GCC_WARN_64_TO_32_BIT_CONVERSION = YES;
				GCC_WARN_ABOUT_RETURN_TYPE = YES_ERROR;
				GCC_WARN_UNDECLARED_SELECTOR = YES;
				GCC_WARN_UNINITIALIZED_AUTOS = YES_AGGRESSIVE;
				GCC_WARN_UNUSED_FUNCTION = YES;
				GCC_WARN_UNUSED_VARIABLE = YES;
				IPHONEOS_DEPLOYMENT_TARGET = 13.0;
				MTL_ENABLE_DEBUG_INFO = INCLUDE_SOURCE;
				MTL_FAST_MATH = YES;
				ONLY_ACTIVE_ARCH = YES;
				SDKROOT = iphoneos;
				SWIFT_ACTIVE_COMPILATION_CONDITIONS = DEBUG;
				SWIFT_OPTIMIZATION_LEVEL = "-Onone";
			};
			name = Debug;
		};
		25EFA7AD23429BBA009BCF4C /* Release */ = {
			isa = XCBuildConfiguration;
			buildSettings = {
				ALWAYS_SEARCH_USER_PATHS = NO;
				CLANG_ANALYZER_NONNULL = YES;
				CLANG_ANALYZER_NUMBER_OBJECT_CONVERSION = YES_AGGRESSIVE;
				CLANG_CXX_LANGUAGE_STANDARD = "gnu++14";
				CLANG_CXX_LIBRARY = "libc++";
				CLANG_ENABLE_MODULES = YES;
				CLANG_ENABLE_OBJC_ARC = YES;
				CLANG_ENABLE_OBJC_WEAK = YES;
				CLANG_WARN_BLOCK_CAPTURE_AUTORELEASING = YES;
				CLANG_WARN_BOOL_CONVERSION = YES;
				CLANG_WARN_COMMA = YES;
				CLANG_WARN_CONSTANT_CONVERSION = YES;
				CLANG_WARN_DEPRECATED_OBJC_IMPLEMENTATIONS = YES;
				CLANG_WARN_DIRECT_OBJC_ISA_USAGE = YES_ERROR;
				CLANG_WARN_DOCUMENTATION_COMMENTS = YES;
				CLANG_WARN_EMPTY_BODY = YES;
				CLANG_WARN_ENUM_CONVERSION = YES;
				CLANG_WARN_INFINITE_RECURSION = YES;
				CLANG_WARN_INT_CONVERSION = YES;
				CLANG_WARN_NON_LITERAL_NULL_CONVERSION = YES;
				CLANG_WARN_OBJC_IMPLICIT_RETAIN_SELF = YES;
				CLANG_WARN_OBJC_LITERAL_CONVERSION = YES;
				CLANG_WARN_OBJC_ROOT_CLASS = YES_ERROR;
				CLANG_WARN_RANGE_LOOP_ANALYSIS = YES;
				CLANG_WARN_STRICT_PROTOTYPES = YES;
				CLANG_WARN_SUSPICIOUS_MOVE = YES;
				CLANG_WARN_UNGUARDED_AVAILABILITY = YES_AGGRESSIVE;
				CLANG_WARN_UNREACHABLE_CODE = YES;
				CLANG_WARN__DUPLICATE_METHOD_MATCH = YES;
				COPY_PHASE_STRIP = NO;
				DEBUG_INFORMATION_FORMAT = "dwarf-with-dsym";
				ENABLE_NS_ASSERTIONS = NO;
				ENABLE_STRICT_OBJC_MSGSEND = YES;
				GCC_C_LANGUAGE_STANDARD = gnu11;
				GCC_NO_COMMON_BLOCKS = YES;
				GCC_WARN_64_TO_32_BIT_CONVERSION = YES;
				GCC_WARN_ABOUT_RETURN_TYPE = YES_ERROR;
				GCC_WARN_UNDECLARED_SELECTOR = YES;
				GCC_WARN_UNINITIALIZED_AUTOS = YES_AGGRESSIVE;
				GCC_WARN_UNUSED_FUNCTION = YES;
				GCC_WARN_UNUSED_VARIABLE = YES;
				IPHONEOS_DEPLOYMENT_TARGET = 13.0;
				MTL_ENABLE_DEBUG_INFO = NO;
				MTL_FAST_MATH = YES;
				SDKROOT = iphoneos;
				SWIFT_COMPILATION_MODE = wholemodule;
				SWIFT_OPTIMIZATION_LEVEL = "-O";
				VALIDATE_PRODUCT = YES;
			};
			name = Release;
		};
		25EFA7AF23429BBA009BCF4C /* Debug */ = {
			isa = XCBuildConfiguration;
			buildSettings = {
				ASSETCATALOG_COMPILER_APPICON_NAME = AppIcon;
				CODE_SIGN_STYLE = Automatic;
				DEVELOPMENT_TEAM = AH8399ZQQN;
				INFOPLIST_FILE = RPGNano/Info.plist;
				LD_RUNPATH_SEARCH_PATHS = (
					"$(inherited)",
					"@executable_path/Frameworks",
				);
				PRODUCT_BUNDLE_IDENTIFIER = com.caivis.RPGNano;
				PRODUCT_NAME = "$(TARGET_NAME)";
				SWIFT_VERSION = 5.0;
				TARGETED_DEVICE_FAMILY = "1,2";
			};
			name = Debug;
		};
		25EFA7B023429BBA009BCF4C /* Release */ = {
			isa = XCBuildConfiguration;
			buildSettings = {
				ASSETCATALOG_COMPILER_APPICON_NAME = AppIcon;
				CODE_SIGN_STYLE = Automatic;
				DEVELOPMENT_TEAM = AH8399ZQQN;
				INFOPLIST_FILE = RPGNano/Info.plist;
				LD_RUNPATH_SEARCH_PATHS = (
					"$(inherited)",
					"@executable_path/Frameworks",
				);
				PRODUCT_BUNDLE_IDENTIFIER = com.caivis.RPGNano;
				PRODUCT_NAME = "$(TARGET_NAME)";
				SWIFT_VERSION = 5.0;
				TARGETED_DEVICE_FAMILY = "1,2";
			};
			name = Release;
		};
/* End XCBuildConfiguration section */

/* Begin XCConfigurationList section */
		25EFA79523429BB9009BCF4C /* Build configuration list for PBXProject "RPGNano" */ = {
			isa = XCConfigurationList;
			buildConfigurations = (
				25EFA7AC23429BBA009BCF4C /* Debug */,
				25EFA7AD23429BBA009BCF4C /* Release */,
			);
			defaultConfigurationIsVisible = 0;
			defaultConfigurationName = Release;
		};
		25EFA7AE23429BBA009BCF4C /* Build configuration list for PBXNativeTarget "RPGNano" */ = {
			isa = XCConfigurationList;
			buildConfigurations = (
				25EFA7AF23429BBA009BCF4C /* Debug */,
				25EFA7B023429BBA009BCF4C /* Release */,
			);
			defaultConfigurationIsVisible = 0;
			defaultConfigurationName = Release;
		};
/* End XCConfigurationList section */
	};
	rootObject = 25EFA79223429BB9009BCF4C /* Project object */;
}
